
Microsoft Visual Studio Solution File, Format Version 12.00
# Visual Studio Version 16
VisualStudioVersion = 16.0.29324.140
MinimumVisualStudioVersion = 10.0.40219.1
Project("{FAE04EC0-301F-11D3-BF4B-00C04F79EFBC}") = "Virus_Checker", "Virus_Checker\Virus_Checker.csproj", "{2B9904EE-22C3-4770-AC11-4F1795D26076}"
EndProject
Global
	GlobalSection(SolutionConfigurationPlatforms) = preSolution
		Debug|Any CPU = Debug|Any CPU
		Release|Any CPU = Release|Any CPU
	EndGlobalSection
	GlobalSection(ProjectConfigurationPlatforms) = postSolution
		{2B9904EE-22C3-4770-AC11-4F1795D26076}.Debug|Any CPU.ActiveCfg = Debug|Any CPU
		{2B9904EE-22C3-4770-AC11-4F1795D26076}.Debug|Any CPU.Build.0 = Debug|Any CPU
		{2B9904EE-22C3-4770-AC11-4F1795D26076}.Release|Any CPU.ActiveCfg = Release|Any CPU
		{2B9904EE-22C3-4770-AC11-4F1795D26076}.Release|Any CPU.Build.0 = Release|Any CPU
	EndGlobalSection
	GlobalSection(SolutionProperties) = preSolution
		HideSolutionNode = FALSE
	EndGlobalSection
	GlobalSection(ExtensibilityGlobals) = postSolution
		SolutionGuid = {3C68D10C-F0A3-4B6E-BA7E-7EB861423491}
	EndGlobalSection
EndGlobal
